
Microsoft Visual Studio Solution File, Format Version 12.00
# Visual Studio Version 16
VisualStudioVersion = 16.0.32126.315
MinimumVisualStudioVersion = 10.0.40219.1
Project("{FAE04EC0-301F-11D3-BF4B-00C04F79EFBC}") = "Final Project", "Final Project.csproj", "{01D357AC-DBCD-492E-A005-2DF346A91D55}"
EndProject
Global
	GlobalSection(SolutionConfigurationPlatforms) = preSolution
		Debug|Any CPU = Debug|Any CPU
		Release|Any CPU = Release|Any CPU
	EndGlobalSection
	GlobalSection(ProjectConfigurationPlatforms) = postSolution
		{01D357AC-DBCD-492E-A005-2DF346A91D55}.Debug|Any CPU.ActiveCfg = Debug|Any CPU
		{01D357AC-DBCD-492E-A005-2DF346A91D55}.Debug|Any CPU.Build.0 = Debug|Any CPU
		{01D357AC-DBCD-492E-A005-2DF346A91D55}.Release|Any CPU.ActiveCfg = Release|Any CPU
		{01D357AC-DBCD-492E-A005-2DF346A91D55}.Release|Any CPU.Build.0 = Release|Any CPU
	EndGlobalSection
	GlobalSection(SolutionProperties) = preSolution
		HideSolutionNode = FALSE
	EndGlobalSection
	GlobalSection(ExtensibilityGlobals) = postSolution
		SolutionGuid = {5C67CC23-8CE4-464A-8E36-5EB832A6464C}
	EndGlobalSection
EndGlobal
